
Microsoft Visual Studio Solution File, Format Version 12.00
# Visual Studio Version 17
VisualStudioVersion = 17.0.31903.59
MinimumVisualStudioVersion = 10.0.40219.1
Project("{FAE04EC0-301F-11D3-BF4B-00C04F79EFBC}") = "MoneyShot", "MoneyShot\MoneyShot.csproj", "{0B5E415C-3ECD-4B72-8FF0-3E6E455A8696}"
EndProject
Project("{FAE04EC0-301F-11D3-BF4B-00C04F79EFBC}") = "MoneyShot.Tests", "MoneyShot.Tests\MoneyShot.Tests.csproj", "{1C7DABA8-9F3A-4B2C-A1D0-7E9F8B6A4D2E}"
EndProject
Global
	GlobalSection(SolutionConfigurationPlatforms) = preSolution
		Debug|Any CPU = Debug|Any CPU
		Debug|x64 = Debug|x64
		Debug|x86 = Debug|x86
		Release|Any CPU = Release|Any CPU
		Release|x64 = Release|x64
		Release|x86 = Release|x86
	EndGlobalSection
	GlobalSection(ProjectConfigurationPlatforms) = postSolution
		{0B5E415C-3ECD-4B72-8FF0-3E6E455A8696}.Debug|Any CPU.ActiveCfg = Debug|Any CPU
		{0B5E415C-3ECD-4B72-8FF0-3E6E455A8696}.Debug|Any CPU.Build.0 = Debug|Any CPU
		{0B5E415C-3ECD-4B72-8FF0-3E6E455A8696}.Debug|x64.ActiveCfg = Debug|Any CPU
		{0B5E415C-3ECD-4B72-8FF0-3E6E455A8696}.Debug|x64.Build.0 = Debug|Any CPU
		{0B5E415C-3ECD-4B72-8FF0-3E6E455A8696}.Debug|x86.ActiveCfg = Debug|Any CPU
		{0B5E415C-3ECD-4B72-8FF0-3E6E455A8696}.Debug|x86.Build.0 = Debug|Any CPU
		{0B5E415C-3ECD-4B72-8FF0-3E6E455A8696}.Release|Any CPU.ActiveCfg = Release|Any CPU
		{0B5E415C-3ECD-4B72-8FF0-3E6E455A8696}.Release|Any CPU.Build.0 = Release|Any CPU
		{0B5E415C-3ECD-4B72-8FF0-3E6E455A8696}.Release|x64.ActiveCfg = Release|Any CPU
		{0B5E415C-3ECD-4B72-8FF0-3E6E455A8696}.Release|x64.Build.0 = Release|Any CPU
		{0B5E415C-3ECD-4B72-8FF0-3E6E455A8696}.Release|x86.ActiveCfg = Release|Any CPU
		{0B5E415C-3ECD-4B72-8FF0-3E6E455A8696}.Release|x86.Build.0 = Release|Any CPU
		{1C7DABA8-9F3A-4B2C-A1D0-7E9F8B6A4D2E}.Debug|Any CPU.ActiveCfg = Debug|Any CPU
		{1C7DABA8-9F3A-4B2C-A1D0-7E9F8B6A4D2E}.Debug|Any CPU.Build.0 = Debug|Any CPU
		{1C7DABA8-9F3A-4B2C-A1D0-7E9F8B6A4D2E}.Debug|x64.ActiveCfg = Debug|Any CPU
		{1C7DABA8-9F3A-4B2C-A1D0-7E9F8B6A4D2E}.Debug|x64.Build.0 = Debug|Any CPU
		{1C7DABA8-9F3A-4B2C-A1D0-7E9F8B6A4D2E}.Debug|x86.ActiveCfg = Debug|Any CPU
		{1C7DABA8-9F3A-4B2C-A1D0-7E9F8B6A4D2E}.Debug|x86.Build.0 = Debug|Any CPU
		{1C7DABA8-9F3A-4B2C-A1D0-7E9F8B6A4D2E}.Release|Any CPU.ActiveCfg = Release|Any CPU
		{1C7DABA8-9F3A-4B2C-A1D0-7E9F8B6A4D2E}.Release|Any CPU.Build.0 = Release|Any CPU
		{1C7DABA8-9F3A-4B2C-A1D0-7E9F8B6A4D2E}.Release|x64.ActiveCfg = Release|Any CPU
		{1C7DABA8-9F3A-4B2C-A1D0-7E9F8B6A4D2E}.Release|x64.Build.0 = Release|Any CPU
		{1C7DABA8-9F3A-4B2C-A1D0-7E9F8B6A4D2E}.Release|x86.ActiveCfg = Release|Any CPU
		{1C7DABA8-9F3A-4B2C-A1D0-7E9F8B6A4D2E}.Release|x86.Build.0 = Release|Any CPU
	EndGlobalSection
	GlobalSection(SolutionProperties) = preSolution
		HideSolutionNode = FALSE
	EndGlobalSection
EndGlobal
